// !$*UTF8*$!
{
	archiveVersion = 1;
	classes = {
	};
	objectVersion = 56;
	objects = {

/* Begin PBXBuildFile section */
		31D1B17D2BA6907D0002D615 /* SettingsView.swift in Sources */ = {isa = PBXBuildFile; fileRef = 31D1B17C2BA6907D0002D615 /* SettingsView.swift */; };
		C7497919EC49BF9495216855 /* Pods_LiftingApp.framework in Frameworks */ = {isa = PBXBuildFile; fileRef = C72E220A79BBF9067BF1A9D2 /* Pods_LiftingApp.framework */; };
		D63DF7AF2BAC7BA90036C9D0 /* AnalyticsView.swift in Sources */ = {isa = PBXBuildFile; fileRef = D63DF7AE2BAC7BA90036C9D0 /* AnalyticsView.swift */; };
		D65E4E982BA49BF000E41D38 /* ActiveWorkoutView.swift in Sources */ = {isa = PBXBuildFile; fileRef = D65E4E972BA49BF000E41D38 /* ActiveWorkoutView.swift */; };
		D665A1352B8BF29500FB2043 /* defaultData.json in Resources */ = {isa = PBXBuildFile; fileRef = D665A1342B8BF29500FB2043 /* defaultData.json */; };
		D665A1372B8FB08B00FB2043 /* RegisterAccountView.swift in Sources */ = {isa = PBXBuildFile; fileRef = D665A1362B8FB08B00FB2043 /* RegisterAccountView.swift */; };
		D665A1392B965EF500FB2043 /* SelectNewWorkoutView.swift in Sources */ = {isa = PBXBuildFile; fileRef = D665A1382B965EF500FB2043 /* SelectNewWorkoutView.swift */; };
		D69769112B8539A500458370 /* EditRoutineView.swift in Sources */ = {isa = PBXBuildFile; fileRef = D69769102B8539A500458370 /* EditRoutineView.swift */; };
		D69769132B868FCA00458370 /* EditWorkoutView.swift in Sources */ = {isa = PBXBuildFile; fileRef = D69769122B868FCA00458370 /* EditWorkoutView.swift */; };
		D6A7CE032B62C8F7005ED2BA /* MainTabView.swift in Sources */ = {isa = PBXBuildFile; fileRef = D6A7CE022B62C8F7005ED2BA /* MainTabView.swift */; };
		D6A7CE052B62D5CB005ED2BA /* StartWorkoutView.swift in Sources */ = {isa = PBXBuildFile; fileRef = D6A7CE042B62D5CB005ED2BA /* StartWorkoutView.swift */; };
		D6D56FCC2B4C82F20040D4C4 /* LiftingAppApp.swift in Sources */ = {isa = PBXBuildFile; fileRef = D6D56FCB2B4C82F20040D4C4 /* LiftingAppApp.swift */; };
		D6D56FCE2B4C82F20040D4C4 /* LoginView.swift in Sources */ = {isa = PBXBuildFile; fileRef = D6D56FCD2B4C82F20040D4C4 /* LoginView.swift */; };
		D6D56FD02B4C82F40040D4C4 /* Assets.xcassets in Resources */ = {isa = PBXBuildFile; fileRef = D6D56FCF2B4C82F40040D4C4 /* Assets.xcassets */; };
		D6D56FD42B4C82F40040D4C4 /* Preview Assets.xcassets in Resources */ = {isa = PBXBuildFile; fileRef = D6D56FD32B4C82F40040D4C4 /* Preview Assets.xcassets */; };
		D6D56FDB2B4CABF00040D4C4 /* SplashScreenView.swift in Sources */ = {isa = PBXBuildFile; fileRef = D6D56FDA2B4CABEF0040D4C4 /* SplashScreenView.swift */; };
		D6D56FDD2B4CADA70040D4C4 /* MainTemp.swift in Sources */ = {isa = PBXBuildFile; fileRef = D6D56FDC2B4CADA70040D4C4 /* MainTemp.swift */; };
		D6F255C82BA513F4006D7AC2 /* CustomFunctions.swift in Sources */ = {isa = PBXBuildFile; fileRef = D6F255C42BA513F3006D7AC2 /* CustomFunctions.swift */; };
		D6F255C92BA513F4006D7AC2 /* CustomViewObjects.swift in Sources */ = {isa = PBXBuildFile; fileRef = D6F255C52BA513F3006D7AC2 /* CustomViewObjects.swift */; };
		D6F255CA2BA513F4006D7AC2 /* WorkoutStructs.swift in Sources */ = {isa = PBXBuildFile; fileRef = D6F255C62BA513F3006D7AC2 /* WorkoutStructs.swift */; };
/* End PBXBuildFile section */

/* Begin PBXFileReference section */
		121C65806067097B55E0FE6A /* Pods-LiftingApp.debug.xcconfig */ = {isa = PBXFileReference; includeInIndex = 1; lastKnownFileType = text.xcconfig; name = "Pods-LiftingApp.debug.xcconfig"; path = "Target Support Files/Pods-LiftingApp/Pods-LiftingApp.debug.xcconfig"; sourceTree = "<group>"; };
		31D1B17C2BA6907D0002D615 /* SettingsView.swift */ = {isa = PBXFileReference; lastKnownFileType = sourcecode.swift; path = SettingsView.swift; sourceTree = "<group>"; };
		3A5C07DB321520577D3D6B9F /* Pods-LiftingApp.release.xcconfig */ = {isa = PBXFileReference; includeInIndex = 1; lastKnownFileType = text.xcconfig; name = "Pods-LiftingApp.release.xcconfig"; path = "Target Support Files/Pods-LiftingApp/Pods-LiftingApp.release.xcconfig"; sourceTree = "<group>"; };
		C72E220A79BBF9067BF1A9D2 /* Pods_LiftingApp.framework */ = {isa = PBXFileReference; explicitFileType = wrapper.framework; includeInIndex = 0; path = Pods_LiftingApp.framework; sourceTree = BUILT_PRODUCTS_DIR; };
		D63DF7AE2BAC7BA90036C9D0 /* AnalyticsView.swift */ = {isa = PBXFileReference; lastKnownFileType = sourcecode.swift; path = AnalyticsView.swift; sourceTree = "<group>"; };
		D65E4E972BA49BF000E41D38 /* ActiveWorkoutView.swift */ = {isa = PBXFileReference; lastKnownFileType = sourcecode.swift; path = ActiveWorkoutView.swift; sourceTree = "<group>"; };
		D665A1342B8BF29500FB2043 /* defaultData.json */ = {isa = PBXFileReference; fileEncoding = 4; lastKnownFileType = text.json; path = defaultData.json; sourceTree = "<group>"; };
		D665A1362B8FB08B00FB2043 /* RegisterAccountView.swift */ = {isa = PBXFileReference; lastKnownFileType = sourcecode.swift; path = RegisterAccountView.swift; sourceTree = "<group>"; };
		D665A1382B965EF500FB2043 /* SelectNewWorkoutView.swift */ = {isa = PBXFileReference; lastKnownFileType = sourcecode.swift; path = SelectNewWorkoutView.swift; sourceTree = "<group>"; };
		D67369452B8BDD3D00187549 /* createExerciseScript.playground */ = {isa = PBXFileReference; lastKnownFileType = file.playground; path = createExerciseScript.playground; sourceTree = "<group>"; xcLanguageSpecificationIdentifier = xcode.lang.swift; };
		D69769102B8539A500458370 /* EditRoutineView.swift */ = {isa = PBXFileReference; lastKnownFileType = sourcecode.swift; path = EditRoutineView.swift; sourceTree = "<group>"; };
		D69769122B868FCA00458370 /* EditWorkoutView.swift */ = {isa = PBXFileReference; lastKnownFileType = sourcecode.swift; path = EditWorkoutView.swift; sourceTree = "<group>"; };
		D6A7CE022B62C8F7005ED2BA /* MainTabView.swift */ = {isa = PBXFileReference; lastKnownFileType = sourcecode.swift; path = MainTabView.swift; sourceTree = "<group>"; };
		D6A7CE042B62D5CB005ED2BA /* StartWorkoutView.swift */ = {isa = PBXFileReference; lastKnownFileType = sourcecode.swift; path = StartWorkoutView.swift; sourceTree = "<group>"; };
		D6D56FC82B4C82F20040D4C4 /* LiftingApp.app */ = {isa = PBXFileReference; explicitFileType = wrapper.application; includeInIndex = 0; path = LiftingApp.app; sourceTree = BUILT_PRODUCTS_DIR; };
		D6D56FCB2B4C82F20040D4C4 /* LiftingAppApp.swift */ = {isa = PBXFileReference; lastKnownFileType = sourcecode.swift; path = LiftingAppApp.swift; sourceTree = "<group>"; };
		D6D56FCD2B4C82F20040D4C4 /* LoginView.swift */ = {isa = PBXFileReference; lastKnownFileType = sourcecode.swift; path = LoginView.swift; sourceTree = "<group>"; };
		D6D56FCF2B4C82F40040D4C4 /* Assets.xcassets */ = {isa = PBXFileReference; lastKnownFileType = folder.assetcatalog; path = Assets.xcassets; sourceTree = "<group>"; };
		D6D56FD12B4C82F40040D4C4 /* LiftingApp.entitlements */ = {isa = PBXFileReference; lastKnownFileType = text.plist.entitlements; path = LiftingApp.entitlements; sourceTree = "<group>"; };
		D6D56FD32B4C82F40040D4C4 /* Preview Assets.xcassets */ = {isa = PBXFileReference; lastKnownFileType = folder.assetcatalog; path = "Preview Assets.xcassets"; sourceTree = "<group>"; };
		D6D56FDA2B4CABEF0040D4C4 /* SplashScreenView.swift */ = {isa = PBXFileReference; lastKnownFileType = sourcecode.swift; path = SplashScreenView.swift; sourceTree = "<group>"; };
		D6D56FDC2B4CADA70040D4C4 /* MainTemp.swift */ = {isa = PBXFileReference; lastKnownFileType = sourcecode.swift; path = MainTemp.swift; sourceTree = "<group>"; };
		D6F255C42BA513F3006D7AC2 /* CustomFunctions.swift */ = {isa = PBXFileReference; fileEncoding = 4; lastKnownFileType = sourcecode.swift; path = CustomFunctions.swift; sourceTree = "<group>"; };
		D6F255C52BA513F3006D7AC2 /* CustomViewObjects.swift */ = {isa = PBXFileReference; fileEncoding = 4; lastKnownFileType = sourcecode.swift; path = CustomViewObjects.swift; sourceTree = "<group>"; };
		D6F255C62BA513F3006D7AC2 /* WorkoutStructs.swift */ = {isa = PBXFileReference; fileEncoding = 4; lastKnownFileType = sourcecode.swift; path = WorkoutStructs.swift; sourceTree = "<group>"; };
/* End PBXFileReference section */

/* Begin PBXFrameworksBuildPhase section */
		D6D56FC52B4C82F20040D4C4 /* Frameworks */ = {
			isa = PBXFrameworksBuildPhase;
			buildActionMask = 2147483647;
			files = (
				C7497919EC49BF9495216855 /* Pods_LiftingApp.framework in Frameworks */,
			);
			runOnlyForDeploymentPostprocessing = 0;
		};
/* End PBXFrameworksBuildPhase section */

/* Begin PBXGroup section */
		28D82BEE46A6881A23F72986 /* Pods */ = {
			isa = PBXGroup;
			children = (
				121C65806067097B55E0FE6A /* Pods-LiftingApp.debug.xcconfig */,
				3A5C07DB321520577D3D6B9F /* Pods-LiftingApp.release.xcconfig */,
			);
			path = Pods;
			sourceTree = "<group>";
		};
		31D1B17B2BA690590002D615 /* Settings */ = {
			isa = PBXGroup;
			children = (
				31D1B17C2BA6907D0002D615 /* SettingsView.swift */,
			);
			path = Settings;
			sourceTree = "<group>";
		};
		507FD6F97DE2B9F416BB6A9C /* Frameworks */ = {
			isa = PBXGroup;
			children = (
				C72E220A79BBF9067BF1A9D2 /* Pods_LiftingApp.framework */,
			);
			name = Frameworks;
			sourceTree = "<group>";
		};
		D67369402B8BD53C00187549 /* Scripts */ = {
			isa = PBXGroup;
			children = (
				D67369452B8BDD3D00187549 /* createExerciseScript.playground */,
			);
			path = Scripts;
			sourceTree = "<group>";
		};
		D67369432B8BD5F600187549 /* LoadableData */ = {
			isa = PBXGroup;
			children = (
				D665A1342B8BF29500FB2043 /* defaultData.json */,
			);
			path = LoadableData;
			sourceTree = "<group>";
		};
		D697690D2B8536DE00458370 /* Screens */ = {
			isa = PBXGroup;
			children = (
				D6D56FCD2B4C82F20040D4C4 /* LoginView.swift */,
				D6D56FCB2B4C82F20040D4C4 /* LiftingAppApp.swift */,
				D6A7CE022B62C8F7005ED2BA /* MainTabView.swift */,
				D6D56FDC2B4CADA70040D4C4 /* MainTemp.swift */,
				D65E4E972BA49BF000E41D38 /* ActiveWorkoutView.swift */,
				D6D56FDA2B4CABEF0040D4C4 /* SplashScreenView.swift */,
				D6A7CE042B62D5CB005ED2BA /* StartWorkoutView.swift */,
				D69769102B8539A500458370 /* EditRoutineView.swift */,
				D69769122B868FCA00458370 /* EditWorkoutView.swift */,
				D665A1362B8FB08B00FB2043 /* RegisterAccountView.swift */,
				D665A1382B965EF500FB2043 /* SelectNewWorkoutView.swift */,
				D63DF7AE2BAC7BA90036C9D0 /* AnalyticsView.swift */,
			);
			path = Screens;
			sourceTree = "<group>";
		};
		D6D56FBF2B4C82F20040D4C4 = {
			isa = PBXGroup;
			children = (
				D6D56FCA2B4C82F20040D4C4 /* LiftingApp */,
				D6D56FC92B4C82F20040D4C4 /* Products */,
				28D82BEE46A6881A23F72986 /* Pods */,
				507FD6F97DE2B9F416BB6A9C /* Frameworks */,
			);
			sourceTree = "<group>";
		};
		D6D56FC92B4C82F20040D4C4 /* Products */ = {
			isa = PBXGroup;
			children = (
				D6D56FC82B4C82F20040D4C4 /* LiftingApp.app */,
			);
			name = Products;
			sourceTree = "<group>";
		};
		D6D56FCA2B4C82F20040D4C4 /* LiftingApp */ = {
			isa = PBXGroup;
			children = (
				31D1B17B2BA690590002D615 /* Settings */,
				D6F255C72BA513F3006D7AC2 /* Structures */,
				D67369432B8BD5F600187549 /* LoadableData */,
				D67369402B8BD53C00187549 /* Scripts */,
				D697690D2B8536DE00458370 /* Screens */,
				D6D56FCF2B4C82F40040D4C4 /* Assets.xcassets */,
				D6D56FD12B4C82F40040D4C4 /* LiftingApp.entitlements */,
				D6D56FD22B4C82F40040D4C4 /* Preview Content */,
			);
			path = LiftingApp;
			sourceTree = "<group>";
		};
		D6D56FD22B4C82F40040D4C4 /* Preview Content */ = {
			isa = PBXGroup;
			children = (
				D6D56FD32B4C82F40040D4C4 /* Preview Assets.xcassets */,
			);
			path = "Preview Content";
			sourceTree = "<group>";
		};
		D6F255C72BA513F3006D7AC2 /* Structures */ = {
			isa = PBXGroup;
			children = (
				D6F255C42BA513F3006D7AC2 /* CustomFunctions.swift */,
				D6F255C52BA513F3006D7AC2 /* CustomViewObjects.swift */,
				D6F255C62BA513F3006D7AC2 /* WorkoutStructs.swift */,
			);
			path = Structures;
			sourceTree = "<group>";
		};
/* End PBXGroup section */

/* Begin PBXNativeTarget section */
		D6D56FC72B4C82F20040D4C4 /* LiftingApp */ = {
			isa = PBXNativeTarget;
			buildConfigurationList = D6D56FD72B4C82F40040D4C4 /* Build configuration list for PBXNativeTarget "LiftingApp" */;
			buildPhases = (
				EAEA50B9A663557FC553A3E9 /* [CP] Check Pods Manifest.lock */,
				D6D56FC42B4C82F20040D4C4 /* Sources */,
				D6D56FC52B4C82F20040D4C4 /* Frameworks */,
				D6D56FC62B4C82F20040D4C4 /* Resources */,
				1A5213C3961835C202128296 /* [CP] Embed Pods Frameworks */,
			);
			buildRules = (
			);
			dependencies = (
			);
			name = LiftingApp;
			productName = LiftingApp;
			productReference = D6D56FC82B4C82F20040D4C4 /* LiftingApp.app */;
			productType = "com.apple.product-type.application";
		};
/* End PBXNativeTarget section */

/* Begin PBXProject section */
		D6D56FC02B4C82F20040D4C4 /* Project object */ = {
			isa = PBXProject;
			attributes = {
				BuildIndependentTargetsInParallel = 1;
				LastSwiftUpdateCheck = 1430;
				LastUpgradeCheck = 1430;
				TargetAttributes = {
					D6D56FC72B4C82F20040D4C4 = {
						CreatedOnToolsVersion = 14.3.1;
					};
				};
			};
			buildConfigurationList = D6D56FC32B4C82F20040D4C4 /* Build configuration list for PBXProject "LiftingApp" */;
			compatibilityVersion = "Xcode 14.0";
			developmentRegion = en;
			hasScannedForEncodings = 0;
			knownRegions = (
				en,
				Base,
			);
			mainGroup = D6D56FBF2B4C82F20040D4C4;
			productRefGroup = D6D56FC92B4C82F20040D4C4 /* Products */;
			projectDirPath = "";
			projectRoot = "";
			targets = (
				D6D56FC72B4C82F20040D4C4 /* LiftingApp */,
			);
		};
/* End PBXProject section */

/* Begin PBXResourcesBuildPhase section */
		D6D56FC62B4C82F20040D4C4 /* Resources */ = {
			isa = PBXResourcesBuildPhase;
			buildActionMask = 2147483647;
			files = (
				D6D56FD42B4C82F40040D4C4 /* Preview Assets.xcassets in Resources */,
				D6D56FD02B4C82F40040D4C4 /* Assets.xcassets in Resources */,
				D665A1352B8BF29500FB2043 /* defaultData.json in Resources */,
			);
			runOnlyForDeploymentPostprocessing = 0;
		};
/* End PBXResourcesBuildPhase section */

/* Begin PBXShellScriptBuildPhase section */
		1A5213C3961835C202128296 /* [CP] Embed Pods Frameworks */ = {
			isa = PBXShellScriptBuildPhase;
			buildActionMask = 2147483647;
			files = (
			);
			inputFileListPaths = (
				"${PODS_ROOT}/Target Support Files/Pods-LiftingApp/Pods-LiftingApp-frameworks-${CONFIGURATION}-input-files.xcfilelist",
			);
			name = "[CP] Embed Pods Frameworks";
			outputFileListPaths = (
				"${PODS_ROOT}/Target Support Files/Pods-LiftingApp/Pods-LiftingApp-frameworks-${CONFIGURATION}-output-files.xcfilelist",
			);
			runOnlyForDeploymentPostprocessing = 0;
			shellPath = /bin/sh;
			shellScript = "\"${PODS_ROOT}/Target Support Files/Pods-LiftingApp/Pods-LiftingApp-frameworks.sh\"\n";
			showEnvVarsInLog = 0;
		};
		EAEA50B9A663557FC553A3E9 /* [CP] Check Pods Manifest.lock */ = {
			isa = PBXShellScriptBuildPhase;
			buildActionMask = 2147483647;
			files = (
			);
			inputFileListPaths = (
			);
			inputPaths = (
				"${PODS_PODFILE_DIR_PATH}/Podfile.lock",
				"${PODS_ROOT}/Manifest.lock",
			);
			name = "[CP] Check Pods Manifest.lock";
			outputFileListPaths = (
			);
			outputPaths = (
				"$(DERIVED_FILE_DIR)/Pods-LiftingApp-checkManifestLockResult.txt",
			);
			runOnlyForDeploymentPostprocessing = 0;
			shellPath = /bin/sh;
			shellScript = "diff \"${PODS_PODFILE_DIR_PATH}/Podfile.lock\" \"${PODS_ROOT}/Manifest.lock\" > /dev/null\nif [ $? != 0 ] ; then\n    # print error to STDERR\n    echo \"error: The sandbox is not in sync with the Podfile.lock. Run 'pod install' or update your CocoaPods installation.\" >&2\n    exit 1\nfi\n# This output is used by Xcode 'outputs' to avoid re-running this script phase.\necho \"SUCCESS\" > \"${SCRIPT_OUTPUT_FILE_0}\"\n";
			showEnvVarsInLog = 0;
		};
/* End PBXShellScriptBuildPhase section */

/* Begin PBXSourcesBuildPhase section */
		D6D56FC42B4C82F20040D4C4 /* Sources */ = {
			isa = PBXSourcesBuildPhase;
			buildActionMask = 2147483647;
			files = (
				D6D56FDD2B4CADA70040D4C4 /* MainTemp.swift in Sources */,
				D6A7CE052B62D5CB005ED2BA /* StartWorkoutView.swift in Sources */,
				D6F255CA2BA513F4006D7AC2 /* WorkoutStructs.swift in Sources */,
				D63DF7AF2BAC7BA90036C9D0 /* AnalyticsView.swift in Sources */,
				D6F255C92BA513F4006D7AC2 /* CustomViewObjects.swift in Sources */,
				D65E4E982BA49BF000E41D38 /* ActiveWorkoutView.swift in Sources */,
				D69769132B868FCA00458370 /* EditWorkoutView.swift in Sources */,
				D6D56FCE2B4C82F20040D4C4 /* LoginView.swift in Sources */,
				D665A1392B965EF500FB2043 /* SelectNewWorkoutView.swift in Sources */,
				D6F255C82BA513F4006D7AC2 /* CustomFunctions.swift in Sources */,
				D665A1372B8FB08B00FB2043 /* RegisterAccountView.swift in Sources */,
				D6D56FCC2B4C82F20040D4C4 /* LiftingAppApp.swift in Sources */,
				D6D56FDB2B4CABF00040D4C4 /* SplashScreenView.swift in Sources */,
				D6A7CE032B62C8F7005ED2BA /* MainTabView.swift in Sources */,
				D69769112B8539A500458370 /* EditRoutineView.swift in Sources */,
				31D1B17D2BA6907D0002D615 /* SettingsView.swift in Sources */,
			);
			runOnlyForDeploymentPostprocessing = 0;
		};
/* End PBXSourcesBuildPhase section */

/* Begin XCBuildConfiguration section */
		D6D56FD52B4C82F40040D4C4 /* Debug */ = {
			isa = XCBuildConfiguration;
			buildSettings = {
				ALWAYS_SEARCH_USER_PATHS = NO;
				CLANG_ANALYZER_NONNULL = YES;
				CLANG_ANALYZER_NUMBER_OBJECT_CONVERSION = YES_AGGRESSIVE;
				CLANG_CXX_LANGUAGE_STANDARD = "gnu++20";
				CLANG_ENABLE_MODULES = YES;
				CLANG_ENABLE_OBJC_ARC = YES;
				CLANG_ENABLE_OBJC_WEAK = YES;
				CLANG_WARN_BLOCK_CAPTURE_AUTORELEASING = YES;
				CLANG_WARN_BOOL_CONVERSION = YES;
				CLANG_WARN_COMMA = YES;
				CLANG_WARN_CONSTANT_CONVERSION = YES;
				CLANG_WARN_DEPRECATED_OBJC_IMPLEMENTATIONS = YES;
				CLANG_WARN_DIRECT_OBJC_ISA_USAGE = YES_ERROR;
				CLANG_WARN_DOCUMENTATION_COMMENTS = YES;
				CLANG_WARN_EMPTY_BODY = YES;
				CLANG_WARN_ENUM_CONVERSION = YES;
				CLANG_WARN_INFINITE_RECURSION = YES;
				CLANG_WARN_INT_CONVERSION = YES;
				CLANG_WARN_NON_LITERAL_NULL_CONVERSION = YES;
				CLANG_WARN_OBJC_IMPLICIT_RETAIN_SELF = YES;
				CLANG_WARN_OBJC_LITERAL_CONVERSION = YES;
				CLANG_WARN_OBJC_ROOT_CLASS = YES_ERROR;
				CLANG_WARN_QUOTED_INCLUDE_IN_FRAMEWORK_HEADER = YES;
				CLANG_WARN_RANGE_LOOP_ANALYSIS = YES;
				CLANG_WARN_STRICT_PROTOTYPES = YES;
				CLANG_WARN_SUSPICIOUS_MOVE = YES;
				CLANG_WARN_UNGUARDED_AVAILABILITY = YES_AGGRESSIVE;
				CLANG_WARN_UNREACHABLE_CODE = YES;
				CLANG_WARN__DUPLICATE_METHOD_MATCH = YES;
				COPY_PHASE_STRIP = NO;
				DEBUG_INFORMATION_FORMAT = dwarf;
				ENABLE_STRICT_OBJC_MSGSEND = YES;
				ENABLE_TESTABILITY = YES;
				GCC_C_LANGUAGE_STANDARD = gnu11;
				GCC_DYNAMIC_NO_PIC = NO;
				GCC_NO_COMMON_BLOCKS = YES;
				GCC_OPTIMIZATION_LEVEL = 0;
				GCC_PREPROCESSOR_DEFINITIONS = (
					"DEBUG=1",
					"$(inherited)",
				);
				GCC_WARN_64_TO_32_BIT_CONVERSION = YES;
				GCC_WARN_ABOUT_RETURN_TYPE = YES_ERROR;
				GCC_WARN_UNDECLARED_SELECTOR = YES;
				GCC_WARN_UNINITIALIZED_AUTOS = YES_AGGRESSIVE;
				GCC_WARN_UNUSED_FUNCTION = YES;
				GCC_WARN_UNUSED_VARIABLE = YES;
				MTL_ENABLE_DEBUG_INFO = INCLUDE_SOURCE;
				MTL_FAST_MATH = YES;
				ONLY_ACTIVE_ARCH = YES;
				SWIFT_ACTIVE_COMPILATION_CONDITIONS = DEBUG;
				SWIFT_OPTIMIZATION_LEVEL = "-Onone";
			};
			name = Debug;
		};
		D6D56FD62B4C82F40040D4C4 /* Release */ = {
			isa = XCBuildConfiguration;
			buildSettings = {
				ALWAYS_SEARCH_USER_PATHS = NO;
				CLANG_ANALYZER_NONNULL = YES;
				CLANG_ANALYZER_NUMBER_OBJECT_CONVERSION = YES_AGGRESSIVE;
				CLANG_CXX_LANGUAGE_STANDARD = "gnu++20";
				CLANG_ENABLE_MODULES = YES;
				CLANG_ENABLE_OBJC_ARC = YES;
				CLANG_ENABLE_OBJC_WEAK = YES;
				CLANG_WARN_BLOCK_CAPTURE_AUTORELEASING = YES;
				CLANG_WARN_BOOL_CONVERSION = YES;
				CLANG_WARN_COMMA = YES;
				CLANG_WARN_CONSTANT_CONVERSION = YES;
				CLANG_WARN_DEPRECATED_OBJC_IMPLEMENTATIONS = YES;
				CLANG_WARN_DIRECT_OBJC_ISA_USAGE = YES_ERROR;
				CLANG_WARN_DOCUMENTATION_COMMENTS = YES;
				CLANG_WARN_EMPTY_BODY = YES;
				CLANG_WARN_ENUM_CONVERSION = YES;
				CLANG_WARN_INFINITE_RECURSION = YES;
				CLANG_WARN_INT_CONVERSION = YES;
				CLANG_WARN_NON_LITERAL_NULL_CONVERSION = YES;
				CLANG_WARN_OBJC_IMPLICIT_RETAIN_SELF = YES;
				CLANG_WARN_OBJC_LITERAL_CONVERSION = YES;
				CLANG_WARN_OBJC_ROOT_CLASS = YES_ERROR;
				CLANG_WARN_QUOTED_INCLUDE_IN_FRAMEWORK_HEADER = YES;
				CLANG_WARN_RANGE_LOOP_ANALYSIS = YES;
				CLANG_WARN_STRICT_PROTOTYPES = YES;
				CLANG_WARN_SUSPICIOUS_MOVE = YES;
				CLANG_WARN_UNGUARDED_AVAILABILITY = YES_AGGRESSIVE;
				CLANG_WARN_UNREACHABLE_CODE = YES;
				CLANG_WARN__DUPLICATE_METHOD_MATCH = YES;
				COPY_PHASE_STRIP = NO;
				DEBUG_INFORMATION_FORMAT = "dwarf-with-dsym";
				ENABLE_NS_ASSERTIONS = NO;
				ENABLE_STRICT_OBJC_MSGSEND = YES;
				GCC_C_LANGUAGE_STANDARD = gnu11;
				GCC_NO_COMMON_BLOCKS = YES;
				GCC_WARN_64_TO_32_BIT_CONVERSION = YES;
				GCC_WARN_ABOUT_RETURN_TYPE = YES_ERROR;
				GCC_WARN_UNDECLARED_SELECTOR = YES;
				GCC_WARN_UNINITIALIZED_AUTOS = YES_AGGRESSIVE;
				GCC_WARN_UNUSED_FUNCTION = YES;
				GCC_WARN_UNUSED_VARIABLE = YES;
				MTL_ENABLE_DEBUG_INFO = NO;
				MTL_FAST_MATH = YES;
				SWIFT_COMPILATION_MODE = wholemodule;
				SWIFT_OPTIMIZATION_LEVEL = "-O";
			};
			name = Release;
		};
		D6D56FD82B4C82F40040D4C4 /* Debug */ = {
			isa = XCBuildConfiguration;
			baseConfigurationReference = 121C65806067097B55E0FE6A /* Pods-LiftingApp.debug.xcconfig */;
			buildSettings = {
				ASSETCATALOG_COMPILER_APPICON_NAME = AppIcon;
				ASSETCATALOG_COMPILER_GLOBAL_ACCENT_COLOR_NAME = AccentColor;
				CODE_SIGN_ENTITLEMENTS = LiftingApp/LiftingApp.entitlements;
				CODE_SIGN_STYLE = Automatic;
				CURRENT_PROJECT_VERSION = 1;
				DEVELOPMENT_ASSET_PATHS = "\"LiftingApp/Preview Content\"";
				DEVELOPMENT_TEAM = AC6V234L6Y;
				ENABLE_PREVIEWS = YES;
				GENERATE_INFOPLIST_FILE = YES;
				"INFOPLIST_KEY_UIApplicationSceneManifest_Generation[sdk=iphoneos*]" = YES;
				"INFOPLIST_KEY_UIApplicationSceneManifest_Generation[sdk=iphonesimulator*]" = YES;
				"INFOPLIST_KEY_UIApplicationSupportsIndirectInputEvents[sdk=iphoneos*]" = YES;
				"INFOPLIST_KEY_UIApplicationSupportsIndirectInputEvents[sdk=iphonesimulator*]" = YES;
				"INFOPLIST_KEY_UILaunchScreen_Generation[sdk=iphoneos*]" = YES;
				"INFOPLIST_KEY_UILaunchScreen_Generation[sdk=iphonesimulator*]" = YES;
				"INFOPLIST_KEY_UIStatusBarStyle[sdk=iphoneos*]" = UIStatusBarStyleDefault;
				"INFOPLIST_KEY_UIStatusBarStyle[sdk=iphonesimulator*]" = UIStatusBarStyleDefault;
				INFOPLIST_KEY_UISupportedInterfaceOrientations_iPad = "UIInterfaceOrientationPortrait UIInterfaceOrientationPortraitUpsideDown UIInterfaceOrientationLandscapeLeft UIInterfaceOrientationLandscapeRight";
				INFOPLIST_KEY_UISupportedInterfaceOrientations_iPhone = "UIInterfaceOrientationPortrait UIInterfaceOrientationLandscapeLeft UIInterfaceOrientationLandscapeRight";
				IPHONEOS_DEPLOYMENT_TARGET = 16.4;
				LD_RUNPATH_SEARCH_PATHS = "@executable_path/Frameworks";
				"LD_RUNPATH_SEARCH_PATHS[sdk=macosx*]" = "@executable_path/../Frameworks";
				MACOSX_DEPLOYMENT_TARGET = 13.0;
				MARKETING_VERSION = 1.0;
				PRODUCT_BUNDLE_IDENTIFIER = io.github.KBatesCS.LiftingApp;
				PRODUCT_NAME = "$(TARGET_NAME)";
				SDKROOT = auto;
				SUPPORTED_PLATFORMS = "iphoneos iphonesimulator macosx";
				SWIFT_EMIT_LOC_STRINGS = YES;
				SWIFT_VERSION = 5.0;
				TARGETED_DEVICE_FAMILY = "1,2";
			};
			name = Debug;
		};
		D6D56FD92B4C82F40040D4C4 /* Release */ = {
			isa = XCBuildConfiguration;
			baseConfigurationReference = 3A5C07DB321520577D3D6B9F /* Pods-LiftingApp.release.xcconfig */;
			buildSettings = {
				ASSETCATALOG_COMPILER_APPICON_NAME = AppIcon;
				ASSETCATALOG_COMPILER_GLOBAL_ACCENT_COLOR_NAME = AccentColor;
				CODE_SIGN_ENTITLEMENTS = LiftingApp/LiftingApp.entitlements;
				CODE_SIGN_STYLE = Automatic;
				CURRENT_PROJECT_VERSION = 1;
				DEVELOPMENT_ASSET_PATHS = "\"LiftingApp/Preview Content\"";
				DEVELOPMENT_TEAM = AC6V234L6Y;
				ENABLE_PREVIEWS = YES;
				GENERATE_INFOPLIST_FILE = YES;
				"INFOPLIST_KEY_UIApplicationSceneManifest_Generation[sdk=iphoneos*]" = YES;
				"INFOPLIST_KEY_UIApplicationSceneManifest_Generation[sdk=iphonesimulator*]" = YES;
				"INFOPLIST_KEY_UIApplicationSupportsIndirectInputEvents[sdk=iphoneos*]" = YES;
				"INFOPLIST_KEY_UIApplicationSupportsIndirectInputEvents[sdk=iphonesimulator*]" = YES;
				"INFOPLIST_KEY_UILaunchScreen_Generation[sdk=iphoneos*]" = YES;
				"INFOPLIST_KEY_UILaunchScreen_Generation[sdk=iphonesimulator*]" = YES;
				"INFOPLIST_KEY_UIStatusBarStyle[sdk=iphoneos*]" = UIStatusBarStyleDefault;
				"INFOPLIST_KEY_UIStatusBarStyle[sdk=iphonesimulator*]" = UIStatusBarStyleDefault;
				INFOPLIST_KEY_UISupportedInterfaceOrientations_iPad = "UIInterfaceOrientationPortrait UIInterfaceOrientationPortraitUpsideDown UIInterfaceOrientationLandscapeLeft UIInterfaceOrientationLandscapeRight";
				INFOPLIST_KEY_UISupportedInterfaceOrientations_iPhone = "UIInterfaceOrientationPortrait UIInterfaceOrientationLandscapeLeft UIInterfaceOrientationLandscapeRight";
				IPHONEOS_DEPLOYMENT_TARGET = 16.4;
				LD_RUNPATH_SEARCH_PATHS = "@executable_path/Frameworks";
				"LD_RUNPATH_SEARCH_PATHS[sdk=macosx*]" = "@executable_path/../Frameworks";
				MACOSX_DEPLOYMENT_TARGET = 13.0;
				MARKETING_VERSION = 1.0;
				PRODUCT_BUNDLE_IDENTIFIER = io.github.KBatesCS.LiftingApp;
				PRODUCT_NAME = "$(TARGET_NAME)";
				SDKROOT = auto;
				SUPPORTED_PLATFORMS = "iphoneos iphonesimulator macosx";
				SWIFT_EMIT_LOC_STRINGS = YES;
				SWIFT_VERSION = 5.0;
				TARGETED_DEVICE_FAMILY = "1,2";
			};
			name = Release;
		};
/* End XCBuildConfiguration section */

/* Begin XCConfigurationList section */
		D6D56FC32B4C82F20040D4C4 /* Build configuration list for PBXProject "LiftingApp" */ = {
			isa = XCConfigurationList;
			buildConfigurations = (
				D6D56FD52B4C82F40040D4C4 /* Debug */,
				D6D56FD62B4C82F40040D4C4 /* Release */,
			);
			defaultConfigurationIsVisible = 0;
			defaultConfigurationName = Release;
		};
		D6D56FD72B4C82F40040D4C4 /* Build configuration list for PBXNativeTarget "LiftingApp" */ = {
			isa = XCConfigurationList;
			buildConfigurations = (
				D6D56FD82B4C82F40040D4C4 /* Debug */,
				D6D56FD92B4C82F40040D4C4 /* Release */,
			);
			defaultConfigurationIsVisible = 0;
			defaultConfigurationName = Release;
		};
/* End XCConfigurationList section */
	};
	rootObject = D6D56FC02B4C82F20040D4C4 /* Project object */;
}
